
Microsoft Visual Studio Solution File, Format Version 11.00
# Visual Studio 2010
Project("{FAE04EC0-301F-11D3-BF4B-00C04F79EFBC}") = "7Things", "7Things\7Things.csproj", "{268862A8-3593-4C89-860C-827C0F2CDA60}"
EndProject
Global
	GlobalSection(SolutionConfigurationPlatforms) = preSolution
		Debug|Any CPU = Debug|Any CPU
		Release|Any CPU = Release|Any CPU
	EndGlobalSection
	GlobalSection(ProjectConfigurationPlatforms) = postSolution
		{268862A8-3593-4C89-860C-827C0F2CDA60}.Debug|Any CPU.ActiveCfg = Debug|Any CPU
		{268862A8-3593-4C89-860C-827C0F2CDA60}.Debug|Any CPU.Build.0 = Debug|Any CPU
		{268862A8-3593-4C89-860C-827C0F2CDA60}.Debug|Any CPU.Deploy.0 = Debug|Any CPU
		{268862A8-3593-4C89-860C-827C0F2CDA60}.Release|Any CPU.ActiveCfg = Release|Any CPU
		{268862A8-3593-4C89-860C-827C0F2CDA60}.Release|Any CPU.Build.0 = Release|Any CPU
		{268862A8-3593-4C89-860C-827C0F2CDA60}.Release|Any CPU.Deploy.0 = Release|Any CPU
	EndGlobalSection
	GlobalSection(SolutionProperties) = preSolution
		HideSolutionNode = FALSE
	EndGlobalSection
EndGlobal
